
Microsoft Visual Studio Solution File, Format Version 12.00
# Visual Studio 2012
Project("{FAE04EC0-301F-11D3-BF4B-00C04F79EFBC}") = "link list sort", "link list sort\link list sort.csproj", "{912A4FDA-8443-4C7A-A4D8-9E1D3914FB0D}"
EndProject
Global
	GlobalSection(SolutionConfigurationPlatforms) = preSolution
		Debug|Any CPU = Debug|Any CPU
		Release|Any CPU = Release|Any CPU
	EndGlobalSection
	GlobalSection(ProjectConfigurationPlatforms) = postSolution
		{912A4FDA-8443-4C7A-A4D8-9E1D3914FB0D}.Debug|Any CPU.ActiveCfg = Debug|Any CPU
		{912A4FDA-8443-4C7A-A4D8-9E1D3914FB0D}.Debug|Any CPU.Build.0 = Debug|Any CPU
		{912A4FDA-8443-4C7A-A4D8-9E1D3914FB0D}.Release|Any CPU.ActiveCfg = Release|Any CPU
		{912A4FDA-8443-4C7A-A4D8-9E1D3914FB0D}.Release|Any CPU.Build.0 = Release|Any CPU
	EndGlobalSection
	GlobalSection(SolutionProperties) = preSolution
		HideSolutionNode = FALSE
	EndGlobalSection
EndGlobal
