
Microsoft Visual Studio Solution File, Format Version 12.00
# Visual Studio 2012
Project("{FAE04EC0-301F-11D3-BF4B-00C04F79EFBC}") = "dcn", "dcn\dcn.csproj", "{B8588B64-9215-43C1-95B0-2FC8AEDD93E5}"
EndProject
Global
	GlobalSection(SolutionConfigurationPlatforms) = preSolution
		Debug|Any CPU = Debug|Any CPU
		Release|Any CPU = Release|Any CPU
	EndGlobalSection
	GlobalSection(ProjectConfigurationPlatforms) = postSolution
		{B8588B64-9215-43C1-95B0-2FC8AEDD93E5}.Debug|Any CPU.ActiveCfg = Debug|Any CPU
		{B8588B64-9215-43C1-95B0-2FC8AEDD93E5}.Debug|Any CPU.Build.0 = Debug|Any CPU
		{B8588B64-9215-43C1-95B0-2FC8AEDD93E5}.Release|Any CPU.ActiveCfg = Release|Any CPU
		{B8588B64-9215-43C1-95B0-2FC8AEDD93E5}.Release|Any CPU.Build.0 = Release|Any CPU
	EndGlobalSection
	GlobalSection(SolutionProperties) = preSolution
		HideSolutionNode = FALSE
	EndGlobalSection
EndGlobal
