
Microsoft Visual Studio Solution File, Format Version 12.00
# Visual Studio 2012
Project("{FAE04EC0-301F-11D3-BF4B-00C04F79EFBC}") = "chat_application", "chat_application\chat_application.csproj", "{5A01AB5B-4B55-4BC3-85AD-2E549C1E26BD}"
EndProject
Global
	GlobalSection(SolutionConfigurationPlatforms) = preSolution
		Debug|Any CPU = Debug|Any CPU
		Release|Any CPU = Release|Any CPU
	EndGlobalSection
	GlobalSection(ProjectConfigurationPlatforms) = postSolution
		{5A01AB5B-4B55-4BC3-85AD-2E549C1E26BD}.Debug|Any CPU.ActiveCfg = Debug|Any CPU
		{5A01AB5B-4B55-4BC3-85AD-2E549C1E26BD}.Debug|Any CPU.Build.0 = Debug|Any CPU
		{5A01AB5B-4B55-4BC3-85AD-2E549C1E26BD}.Release|Any CPU.ActiveCfg = Release|Any CPU
		{5A01AB5B-4B55-4BC3-85AD-2E549C1E26BD}.Release|Any CPU.Build.0 = Release|Any CPU
	EndGlobalSection
	GlobalSection(SolutionProperties) = preSolution
		HideSolutionNode = FALSE
	EndGlobalSection
EndGlobal
