
Microsoft Visual Studio Solution File, Format Version 12.00
# Visual Studio 2012
Project("{FAE04EC0-301F-11D3-BF4B-00C04F79EFBC}") = "TA ship prac", "TA ship prac\TA ship prac.csproj", "{EA678DD4-2C64-4241-940C-683B20209ED2}"
EndProject
Global
	GlobalSection(SolutionConfigurationPlatforms) = preSolution
		Debug|Any CPU = Debug|Any CPU
		Release|Any CPU = Release|Any CPU
	EndGlobalSection
	GlobalSection(ProjectConfigurationPlatforms) = postSolution
		{EA678DD4-2C64-4241-940C-683B20209ED2}.Debug|Any CPU.ActiveCfg = Debug|Any CPU
		{EA678DD4-2C64-4241-940C-683B20209ED2}.Debug|Any CPU.Build.0 = Debug|Any CPU
		{EA678DD4-2C64-4241-940C-683B20209ED2}.Release|Any CPU.ActiveCfg = Release|Any CPU
		{EA678DD4-2C64-4241-940C-683B20209ED2}.Release|Any CPU.Build.0 = Release|Any CPU
	EndGlobalSection
	GlobalSection(SolutionProperties) = preSolution
		HideSolutionNode = FALSE
	EndGlobalSection
EndGlobal
